
Microsoft Visual Studio Solution File, Format Version 12.00
# Visual Studio Version 16
VisualStudioVersion = 16.0.31402.337
MinimumVisualStudioVersion = 10.0.40219.1
Project("{FAE04EC0-301F-11D3-BF4B-00C04F79EFBC}") = "TesteAntecipa", "TesteAntecipa\TesteAntecipa.csproj", "{004CD66A-549A-43EC-9A0E-4912A7B3BD87}"
EndProject
Global
	GlobalSection(SolutionConfigurationPlatforms) = preSolution
		Debug|Any CPU = Debug|Any CPU
		Release|Any CPU = Release|Any CPU
	EndGlobalSection
	GlobalSection(ProjectConfigurationPlatforms) = postSolution
		{004CD66A-549A-43EC-9A0E-4912A7B3BD87}.Debug|Any CPU.ActiveCfg = Debug|Any CPU
		{004CD66A-549A-43EC-9A0E-4912A7B3BD87}.Debug|Any CPU.Build.0 = Debug|Any CPU
		{004CD66A-549A-43EC-9A0E-4912A7B3BD87}.Release|Any CPU.ActiveCfg = Release|Any CPU
		{004CD66A-549A-43EC-9A0E-4912A7B3BD87}.Release|Any CPU.Build.0 = Release|Any CPU
	EndGlobalSection
	GlobalSection(SolutionProperties) = preSolution
		HideSolutionNode = FALSE
	EndGlobalSection
	GlobalSection(ExtensibilityGlobals) = postSolution
		SolutionGuid = {D2A65316-1A5C-47E2-8CC6-C3402BF897D7}
	EndGlobalSection
EndGlobal
